// !$*UTF8*$!
{
	archiveVersion = 1;
	classes = {
	};
	objectVersion = 46;
	objects = {

/* Begin PBXBuildFile section */
		162328A91DD2CB1400C73FF1 /* AppDelegate.swift in Sources */ = {isa = PBXBuildFile; fileRef = 162328A81DD2CB1400C73FF1 /* AppDelegate.swift */; };
		162328AB1DD2CB1400C73FF1 /* ViewController.swift in Sources */ = {isa = PBXBuildFile; fileRef = 162328AA1DD2CB1400C73FF1 /* ViewController.swift */; };
		162328AE1DD2CB1400C73FF1 /* Main.storyboard in Resources */ = {isa = PBXBuildFile; fileRef = 162328AC1DD2CB1400C73FF1 /* Main.storyboard */; };
		162328B01DD2CB1400C73FF1 /* Assets.xcassets in Resources */ = {isa = PBXBuildFile; fileRef = 162328AF1DD2CB1400C73FF1 /* Assets.xcassets */; };
		162328B31DD2CB1400C73FF1 /* LaunchScreen.storyboard in Resources */ = {isa = PBXBuildFile; fileRef = 162328B11DD2CB1400C73FF1 /* LaunchScreen.storyboard */; };
		162328B81DD2CB1900C73FF1 /* OpaqueTextLayer.swift in Sources */ = {isa = PBXBuildFile; fileRef = 1630E1741DB88A9800B251C5 /* OpaqueTextLayer.swift */; };
		1630E1751DB88A9800B251C5 /* OpaqueTextLayer.swift in Sources */ = {isa = PBXBuildFile; fileRef = 1630E1741DB88A9800B251C5 /* OpaqueTextLayer.swift */; };
		168C5FBC1DB88A2800418A7E /* OpaqueTextLayer.h in Headers */ = {isa = PBXBuildFile; fileRef = 168C5FBA1DB88A2800418A7E /* OpaqueTextLayer.h */; settings = {ATTRIBUTES = (Public, ); }; };
/* End PBXBuildFile section */

/* Begin PBXFileReference section */
		162328A61DD2CB1400C73FF1 /* Das.app */ = {isa = PBXFileReference; explicitFileType = wrapper.application; includeInIndex = 0; path = Das.app; sourceTree = BUILT_PRODUCTS_DIR; };
		162328A81DD2CB1400C73FF1 /* AppDelegate.swift */ = {isa = PBXFileReference; lastKnownFileType = sourcecode.swift; path = AppDelegate.swift; sourceTree = "<group>"; };
		162328AA1DD2CB1400C73FF1 /* ViewController.swift */ = {isa = PBXFileReference; lastKnownFileType = sourcecode.swift; path = ViewController.swift; sourceTree = "<group>"; };
		162328AD1DD2CB1400C73FF1 /* Base */ = {isa = PBXFileReference; lastKnownFileType = file.storyboard; name = Base; path = Base.lproj/Main.storyboard; sourceTree = "<group>"; };
		162328AF1DD2CB1400C73FF1 /* Assets.xcassets */ = {isa = PBXFileReference; lastKnownFileType = folder.assetcatalog; path = Assets.xcassets; sourceTree = "<group>"; };
		162328B21DD2CB1400C73FF1 /* Base */ = {isa = PBXFileReference; lastKnownFileType = file.storyboard; name = Base; path = Base.lproj/LaunchScreen.storyboard; sourceTree = "<group>"; };
		162328B41DD2CB1400C73FF1 /* Info.plist */ = {isa = PBXFileReference; lastKnownFileType = text.plist.xml; path = Info.plist; sourceTree = "<group>"; };
		1630E1741DB88A9800B251C5 /* OpaqueTextLayer.swift */ = {isa = PBXFileReference; fileEncoding = 4; lastKnownFileType = sourcecode.swift; path = OpaqueTextLayer.swift; sourceTree = "<group>"; };
		168C5FB71DB88A2800418A7E /* OpaqueTextLayer.framework */ = {isa = PBXFileReference; explicitFileType = wrapper.framework; includeInIndex = 0; path = OpaqueTextLayer.framework; sourceTree = BUILT_PRODUCTS_DIR; };
		168C5FBA1DB88A2800418A7E /* OpaqueTextLayer.h */ = {isa = PBXFileReference; lastKnownFileType = sourcecode.c.h; path = OpaqueTextLayer.h; sourceTree = "<group>"; };
		168C5FBB1DB88A2800418A7E /* Info.plist */ = {isa = PBXFileReference; lastKnownFileType = text.plist.xml; path = Info.plist; sourceTree = "<group>"; };
/* End PBXFileReference section */

/* Begin PBXFrameworksBuildPhase section */
		162328A31DD2CB1400C73FF1 /* Frameworks */ = {
			isa = PBXFrameworksBuildPhase;
			buildActionMask = 2147483647;
			files = (
			);
			runOnlyForDeploymentPostprocessing = 0;
		};
		168C5FB31DB88A2800418A7E /* Frameworks */ = {
			isa = PBXFrameworksBuildPhase;
			buildActionMask = 2147483647;
			files = (
			);
			runOnlyForDeploymentPostprocessing = 0;
		};
/* End PBXFrameworksBuildPhase section */

/* Begin PBXGroup section */
		162328A71DD2CB1400C73FF1 /* Das */ = {
			isa = PBXGroup;
			children = (
				162328A81DD2CB1400C73FF1 /* AppDelegate.swift */,
				162328AA1DD2CB1400C73FF1 /* ViewController.swift */,
				162328AC1DD2CB1400C73FF1 /* Main.storyboard */,
				162328AF1DD2CB1400C73FF1 /* Assets.xcassets */,
				162328B11DD2CB1400C73FF1 /* LaunchScreen.storyboard */,
				162328B41DD2CB1400C73FF1 /* Info.plist */,
			);
			path = Das;
			sourceTree = "<group>";
		};
		1630E1731DB88A8B00B251C5 /* Sources */ = {
			isa = PBXGroup;
			children = (
				1630E1741DB88A9800B251C5 /* OpaqueTextLayer.swift */,
			);
			path = Sources;
			sourceTree = "<group>";
		};
		168C5FAD1DB88A2800418A7E = {
			isa = PBXGroup;
			children = (
				1630E1731DB88A8B00B251C5 /* Sources */,
				168C5FB91DB88A2800418A7E /* OpaqueTextLayer */,
				162328A71DD2CB1400C73FF1 /* Das */,
				168C5FB81DB88A2800418A7E /* Products */,
			);
			sourceTree = "<group>";
		};
		168C5FB81DB88A2800418A7E /* Products */ = {
			isa = PBXGroup;
			children = (
				168C5FB71DB88A2800418A7E /* OpaqueTextLayer.framework */,
				162328A61DD2CB1400C73FF1 /* Das.app */,
			);
			name = Products;
			sourceTree = "<group>";
		};
		168C5FB91DB88A2800418A7E /* OpaqueTextLayer */ = {
			isa = PBXGroup;
			children = (
				168C5FBA1DB88A2800418A7E /* OpaqueTextLayer.h */,
				168C5FBB1DB88A2800418A7E /* Info.plist */,
			);
			path = OpaqueTextLayer;
			sourceTree = "<group>";
		};
/* End PBXGroup section */

/* Begin PBXHeadersBuildPhase section */
		168C5FB41DB88A2800418A7E /* Headers */ = {
			isa = PBXHeadersBuildPhase;
			buildActionMask = 2147483647;
			files = (
				168C5FBC1DB88A2800418A7E /* OpaqueTextLayer.h in Headers */,
			);
			runOnlyForDeploymentPostprocessing = 0;
		};
/* End PBXHeadersBuildPhase section */

/* Begin PBXNativeTarget section */
		162328A51DD2CB1400C73FF1 /* Das */ = {
			isa = PBXNativeTarget;
			buildConfigurationList = 162328B71DD2CB1400C73FF1 /* Build configuration list for PBXNativeTarget "Das" */;
			buildPhases = (
				162328A21DD2CB1400C73FF1 /* Sources */,
				162328A31DD2CB1400C73FF1 /* Frameworks */,
				162328A41DD2CB1400C73FF1 /* Resources */,
			);
			buildRules = (
			);
			dependencies = (
			);
			name = Das;
			productName = Das;
			productReference = 162328A61DD2CB1400C73FF1 /* Das.app */;
			productType = "com.apple.product-type.application";
		};
		168C5FB61DB88A2800418A7E /* OpaqueTextLayer */ = {
			isa = PBXNativeTarget;
			buildConfigurationList = 168C5FBF1DB88A2800418A7E /* Build configuration list for PBXNativeTarget "OpaqueTextLayer" */;
			buildPhases = (
				168C5FB21DB88A2800418A7E /* Sources */,
				168C5FB31DB88A2800418A7E /* Frameworks */,
				168C5FB41DB88A2800418A7E /* Headers */,
				168C5FB51DB88A2800418A7E /* Resources */,
			);
			buildRules = (
			);
			dependencies = (
			);
			name = OpaqueTextLayer;
			productName = OpaqueTextLayer;
			productReference = 168C5FB71DB88A2800418A7E /* OpaqueTextLayer.framework */;
			productType = "com.apple.product-type.framework";
		};
/* End PBXNativeTarget section */

/* Begin PBXProject section */
		168C5FAE1DB88A2800418A7E /* Project object */ = {
			isa = PBXProject;
			attributes = {
				LastSwiftUpdateCheck = 0810;
				LastUpgradeCheck = 0810;
				ORGANIZATIONNAME = LawLincoln;
				TargetAttributes = {
					162328A51DD2CB1400C73FF1 = {
						CreatedOnToolsVersion = 8.1;
						DevelopmentTeam = L5W9FHSX92;
						ProvisioningStyle = Automatic;
					};
					168C5FB61DB88A2800418A7E = {
						CreatedOnToolsVersion = 8.0;
						DevelopmentTeam = L5W9FHSX92;
						LastSwiftMigration = 0800;
						ProvisioningStyle = Automatic;
					};
				};
			};
			buildConfigurationList = 168C5FB11DB88A2800418A7E /* Build configuration list for PBXProject "OpaqueTextLayer" */;
			compatibilityVersion = "Xcode 3.2";
			developmentRegion = English;
			hasScannedForEncodings = 0;
			knownRegions = (
				en,
				Base,
			);
			mainGroup = 168C5FAD1DB88A2800418A7E;
			productRefGroup = 168C5FB81DB88A2800418A7E /* Products */;
			projectDirPath = "";
			projectRoot = "";
			targets = (
				168C5FB61DB88A2800418A7E /* OpaqueTextLayer */,
				162328A51DD2CB1400C73FF1 /* Das */,
			);
		};
/* End PBXProject section */

/* Begin PBXResourcesBuildPhase section */
		162328A41DD2CB1400C73FF1 /* Resources */ = {
			isa = PBXResourcesBuildPhase;
			buildActionMask = 2147483647;
			files = (
				162328B31DD2CB1400C73FF1 /* LaunchScreen.storyboard in Resources */,
				162328B01DD2CB1400C73FF1 /* Assets.xcassets in Resources */,
				162328AE1DD2CB1400C73FF1 /* Main.storyboard in Resources */,
			);
			runOnlyForDeploymentPostprocessing = 0;
		};
		168C5FB51DB88A2800418A7E /* Resources */ = {
			isa = PBXResourcesBuildPhase;
			buildActionMask = 2147483647;
			files = (
			);
			runOnlyForDeploymentPostprocessing = 0;
		};
/* End PBXResourcesBuildPhase section */

/* Begin PBXSourcesBuildPhase section */
		162328A21DD2CB1400C73FF1 /* Sources */ = {
			isa = PBXSourcesBuildPhase;
			buildActionMask = 2147483647;
			files = (
				162328AB1DD2CB1400C73FF1 /* ViewController.swift in Sources */,
				162328B81DD2CB1900C73FF1 /* OpaqueTextLayer.swift in Sources */,
				162328A91DD2CB1400C73FF1 /* AppDelegate.swift in Sources */,
			);
			runOnlyForDeploymentPostprocessing = 0;
		};
		168C5FB21DB88A2800418A7E /* Sources */ = {
			isa = PBXSourcesBuildPhase;
			buildActionMask = 2147483647;
			files = (
				1630E1751DB88A9800B251C5 /* OpaqueTextLayer.swift in Sources */,
			);
			runOnlyForDeploymentPostprocessing = 0;
		};
/* End PBXSourcesBuildPhase section */

/* Begin PBXVariantGroup section */
		162328AC1DD2CB1400C73FF1 /* Main.storyboard */ = {
			isa = PBXVariantGroup;
			children = (
				162328AD1DD2CB1400C73FF1 /* Base */,
			);
			name = Main.storyboard;
			sourceTree = "<group>";
		};
		162328B11DD2CB1400C73FF1 /* LaunchScreen.storyboard */ = {
			isa = PBXVariantGroup;
			children = (
				162328B21DD2CB1400C73FF1 /* Base */,
			);
			name = LaunchScreen.storyboard;
			sourceTree = "<group>";
		};
/* End PBXVariantGroup section */

/* Begin XCBuildConfiguration section */
		162328B51DD2CB1400C73FF1 /* Debug */ = {
			isa = XCBuildConfiguration;
			buildSettings = {
				ASSETCATALOG_COMPILER_APPICON_NAME = AppIcon;
				DEVELOPMENT_TEAM = L5W9FHSX92;
				INFOPLIST_FILE = Das/Info.plist;
				IPHONEOS_DEPLOYMENT_TARGET = 10.1;
				LD_RUNPATH_SEARCH_PATHS = "$(inherited) @executable_path/Frameworks";
				PRODUCT_BUNDLE_IDENTIFIER = com.SelfStudio.Das;
				PRODUCT_NAME = "$(TARGET_NAME)";
				SWIFT_VERSION = 3.0;
			};
			name = Debug;
		};
		162328B61DD2CB1400C73FF1 /* Release */ = {
			isa = XCBuildConfiguration;
			buildSettings = {
				ASSETCATALOG_COMPILER_APPICON_NAME = AppIcon;
				DEVELOPMENT_TEAM = L5W9FHSX92;
				INFOPLIST_FILE = Das/Info.plist;
				IPHONEOS_DEPLOYMENT_TARGET = 10.1;
				LD_RUNPATH_SEARCH_PATHS = "$(inherited) @executable_path/Frameworks";
				PRODUCT_BUNDLE_IDENTIFIER = com.SelfStudio.Das;
				PRODUCT_NAME = "$(TARGET_NAME)";
				SWIFT_VERSION = 3.0;
			};
			name = Release;
		};
		168C5FBD1DB88A2800418A7E /* Debug */ = {
			isa = XCBuildConfiguration;
			buildSettings = {
				ALWAYS_SEARCH_USER_PATHS = NO;
				CLANG_ANALYZER_NONNULL = YES;
				CLANG_CXX_LANGUAGE_STANDARD = "gnu++0x";
				CLANG_CXX_LIBRARY = "libc++";
				CLANG_ENABLE_MODULES = YES;
				CLANG_ENABLE_OBJC_ARC = YES;
				CLANG_WARN_BOOL_CONVERSION = YES;
				CLANG_WARN_CONSTANT_CONVERSION = YES;
				CLANG_WARN_DIRECT_OBJC_ISA_USAGE = YES_ERROR;
				CLANG_WARN_DOCUMENTATION_COMMENTS = YES;
				CLANG_WARN_EMPTY_BODY = YES;
				CLANG_WARN_ENUM_CONVERSION = YES;
				CLANG_WARN_INFINITE_RECURSION = YES;
				CLANG_WARN_INT_CONVERSION = YES;
				CLANG_WARN_OBJC_ROOT_CLASS = YES_ERROR;
				CLANG_WARN_SUSPICIOUS_MOVE = YES;
				CLANG_WARN_SUSPICIOUS_MOVES = YES;
				CLANG_WARN_UNREACHABLE_CODE = YES;
				CLANG_WARN__DUPLICATE_METHOD_MATCH = YES;
				"CODE_SIGN_IDENTITY[sdk=iphoneos*]" = "iPhone Developer";
				COPY_PHASE_STRIP = NO;
				CURRENT_PROJECT_VERSION = 1;
				DEBUG_INFORMATION_FORMAT = dwarf;
				ENABLE_STRICT_OBJC_MSGSEND = YES;
				ENABLE_TESTABILITY = YES;
				GCC_C_LANGUAGE_STANDARD = gnu99;
				GCC_DYNAMIC_NO_PIC = NO;
				GCC_NO_COMMON_BLOCKS = YES;
				GCC_OPTIMIZATION_LEVEL = 0;
				GCC_PREPROCESSOR_DEFINITIONS = (
					"DEBUG=1",
					"$(inherited)",
				);
				GCC_WARN_64_TO_32_BIT_CONVERSION = YES;
				GCC_WARN_ABOUT_RETURN_TYPE = YES_ERROR;
				GCC_WARN_UNDECLARED_SELECTOR = YES;
				GCC_WARN_UNINITIALIZED_AUTOS = YES_AGGRESSIVE;
				GCC_WARN_UNUSED_FUNCTION = YES;
				GCC_WARN_UNUSED_VARIABLE = YES;
				IPHONEOS_DEPLOYMENT_TARGET = 8.0;
				MTL_ENABLE_DEBUG_INFO = YES;
				ONLY_ACTIVE_ARCH = YES;
				SDKROOT = iphoneos;
				SWIFT_ACTIVE_COMPILATION_CONDITIONS = DEBUG;
				SWIFT_OPTIMIZATION_LEVEL = "-Onone";
				TARGETED_DEVICE_FAMILY = "1,2";
				VERSIONING_SYSTEM = "apple-generic";
				VERSION_INFO_PREFIX = "";
			};
			name = Debug;
		};
		168C5FBE1DB88A2800418A7E /* Release */ = {
			isa = XCBuildConfiguration;
			buildSettings = {
				ALWAYS_SEARCH_USER_PATHS = NO;
				CLANG_ANALYZER_NONNULL = YES;
				CLANG_CXX_LANGUAGE_STANDARD = "gnu++0x";
				CLANG_CXX_LIBRARY = "libc++";
				CLANG_ENABLE_MODULES = YES;
				CLANG_ENABLE_OBJC_ARC = YES;
				CLANG_WARN_BOOL_CONVERSION = YES;
				CLANG_WARN_CONSTANT_CONVERSION = YES;
				CLANG_WARN_DIRECT_OBJC_ISA_USAGE = YES_ERROR;
				CLANG_WARN_DOCUMENTATION_COMMENTS = YES;
				CLANG_WARN_EMPTY_BODY = YES;
				CLANG_WARN_ENUM_CONVERSION = YES;
				CLANG_WARN_INFINITE_RECURSION = YES;
				CLANG_WARN_INT_CONVERSION = YES;
				CLANG_WARN_OBJC_ROOT_CLASS = YES_ERROR;
				CLANG_WARN_SUSPICIOUS_MOVE = YES;
				CLANG_WARN_SUSPICIOUS_MOVES = YES;
				CLANG_WARN_UNREACHABLE_CODE = YES;
				CLANG_WARN__DUPLICATE_METHOD_MATCH = YES;
				"CODE_SIGN_IDENTITY[sdk=iphoneos*]" = "iPhone Developer";
				COPY_PHASE_STRIP = NO;
				CURRENT_PROJECT_VERSION = 1;
				DEBUG_INFORMATION_FORMAT = "dwarf-with-dsym";
				ENABLE_NS_ASSERTIONS = NO;
				ENABLE_STRICT_OBJC_MSGSEND = YES;
				GCC_C_LANGUAGE_STANDARD = gnu99;
				GCC_NO_COMMON_BLOCKS = YES;
				GCC_WARN_64_TO_32_BIT_CONVERSION = YES;
				GCC_WARN_ABOUT_RETURN_TYPE = YES_ERROR;
				GCC_WARN_UNDECLARED_SELECTOR = YES;
				GCC_WARN_UNINITIALIZED_AUTOS = YES_AGGRESSIVE;
				GCC_WARN_UNUSED_FUNCTION = YES;
				GCC_WARN_UNUSED_VARIABLE = YES;
				IPHONEOS_DEPLOYMENT_TARGET = 8.0;
				MTL_ENABLE_DEBUG_INFO = NO;
				SDKROOT = iphoneos;
				SWIFT_OPTIMIZATION_LEVEL = "-Owholemodule";
				TARGETED_DEVICE_FAMILY = "1,2";
				VALIDATE_PRODUCT = YES;
				VERSIONING_SYSTEM = "apple-generic";
				VERSION_INFO_PREFIX = "";
			};
			name = Release;
		};
		168C5FC01DB88A2800418A7E /* Debug */ = {
			isa = XCBuildConfiguration;
			buildSettings = {
				CLANG_ENABLE_MODULES = YES;
				CODE_SIGN_IDENTITY = "";
				DEFINES_MODULE = YES;
				DEVELOPMENT_TEAM = L5W9FHSX92;
				DYLIB_COMPATIBILITY_VERSION = 1;
				DYLIB_CURRENT_VERSION = 1;
				DYLIB_INSTALL_NAME_BASE = "@rpath";
				INFOPLIST_FILE = OpaqueTextLayer/Info.plist;
				INSTALL_PATH = "$(LOCAL_LIBRARY_DIR)/Frameworks";
				LD_RUNPATH_SEARCH_PATHS = "$(inherited) @executable_path/Frameworks @loader_path/Frameworks";
				PRODUCT_BUNDLE_IDENTIFIER = com.SelfStudio.OpaqueTextLayer;
				PRODUCT_NAME = "$(TARGET_NAME)";
				SKIP_INSTALL = YES;
				SWIFT_OPTIMIZATION_LEVEL = "-Onone";
				SWIFT_VERSION = 3.0;
			};
			name = Debug;
		};
		168C5FC11DB88A2800418A7E /* Release */ = {
			isa = XCBuildConfiguration;
			buildSettings = {
				CLANG_ENABLE_MODULES = YES;
				CODE_SIGN_IDENTITY = "";
				DEFINES_MODULE = YES;
				DEVELOPMENT_TEAM = L5W9FHSX92;
				DYLIB_COMPATIBILITY_VERSION = 1;
				DYLIB_CURRENT_VERSION = 1;
				DYLIB_INSTALL_NAME_BASE = "@rpath";
				INFOPLIST_FILE = OpaqueTextLayer/Info.plist;
				INSTALL_PATH = "$(LOCAL_LIBRARY_DIR)/Frameworks";
				LD_RUNPATH_SEARCH_PATHS = "$(inherited) @executable_path/Frameworks @loader_path/Frameworks";
				PRODUCT_BUNDLE_IDENTIFIER = com.SelfStudio.OpaqueTextLayer;
				PRODUCT_NAME = "$(TARGET_NAME)";
				SKIP_INSTALL = YES;
				SWIFT_VERSION = 3.0;
			};
			name = Release;
		};
/* End XCBuildConfiguration section */

/* Begin XCConfigurationList section */
		162328B71DD2CB1400C73FF1 /* Build configuration list for PBXNativeTarget "Das" */ = {
			isa = XCConfigurationList;
			buildConfigurations = (
				162328B51DD2CB1400C73FF1 /* Debug */,
				162328B61DD2CB1400C73FF1 /* Release */,
			);
			defaultConfigurationIsVisible = 0;
		};
		168C5FB11DB88A2800418A7E /* Build configuration list for PBXProject "OpaqueTextLayer" */ = {
			isa = XCConfigurationList;
			buildConfigurations = (
				168C5FBD1DB88A2800418A7E /* Debug */,
				168C5FBE1DB88A2800418A7E /* Release */,
			);
			defaultConfigurationIsVisible = 0;
			defaultConfigurationName = Release;
		};
		168C5FBF1DB88A2800418A7E /* Build configuration list for PBXNativeTarget "OpaqueTextLayer" */ = {
			isa = XCConfigurationList;
			buildConfigurations = (
				168C5FC01DB88A2800418A7E /* Debug */,
				168C5FC11DB88A2800418A7E /* Release */,
			);
			defaultConfigurationIsVisible = 0;
			defaultConfigurationName = Release;
		};
/* End XCConfigurationList section */
	};
	rootObject = 168C5FAE1DB88A2800418A7E /* Project object */;
}
